
Microsoft Visual Studio Solution File, Format Version 12.00
# Visual Studio Version 17
VisualStudioVersion = 17.7.34031.279
MinimumVisualStudioVersion = 10.0.40219.1
Project("{FAE04EC0-301F-11D3-BF4B-00C04F79EFBC}") = "git test", "git test.csproj", "{0FB755F8-EF6A-41F0-B3F0-96861827280B}"
EndProject
Global
	GlobalSection(SolutionConfigurationPlatforms) = preSolution
		Debug|Any CPU = Debug|Any CPU
		Release|Any CPU = Release|Any CPU
	EndGlobalSection
	GlobalSection(ProjectConfigurationPlatforms) = postSolution
		{0FB755F8-EF6A-41F0-B3F0-96861827280B}.Debug|Any CPU.ActiveCfg = Debug|Any CPU
		{0FB755F8-EF6A-41F0-B3F0-96861827280B}.Debug|Any CPU.Build.0 = Debug|Any CPU
		{0FB755F8-EF6A-41F0-B3F0-96861827280B}.Release|Any CPU.ActiveCfg = Release|Any CPU
		{0FB755F8-EF6A-41F0-B3F0-96861827280B}.Release|Any CPU.Build.0 = Release|Any CPU
	EndGlobalSection
	GlobalSection(SolutionProperties) = preSolution
		HideSolutionNode = FALSE
	EndGlobalSection
	GlobalSection(ExtensibilityGlobals) = postSolution
		SolutionGuid = {F34FC35E-1340-4B9B-88A2-5A3D0FA0ACB0}
	EndGlobalSection
EndGlobal
